
Microsoft Visual Studio Solution File, Format Version 12.00
# Visual Studio Version 16
VisualStudioVersion = 16.0.31410.357
MinimumVisualStudioVersion = 10.0.40219.1
Project("{9A19103F-16F7-4668-BE54-9A1E7A4F7556}") = "TestWork4ForPromit.Uploader", "TestWork4ForPromit.Uploader\TestWork4ForPromit.Uploader.csproj", "{17FA8C5A-54CB-41FB-99F3-FC72091419A2}"
EndProject
Project("{9A19103F-16F7-4668-BE54-9A1E7A4F7556}") = "TestWork4ForPromit.Domain", "TestWork4ForPromit.Domain\TestWork4ForPromit.Domain.csproj", "{C814CA2F-16B1-48B3-84E1-74232CB46F40}"
EndProject
Project("{FAE04EC0-301F-11D3-BF4B-00C04F79EFBC}") = "TestWork4ForPromit.Downloader", "TestWork4ForPromit.Downloader\TestWork4ForPromit.Downloader.csproj", "{AC788626-097E-4B5D-9F30-0BC980829DE9}"
EndProject
Global
	GlobalSection(SolutionConfigurationPlatforms) = preSolution
		Debug|Any CPU = Debug|Any CPU
		Release|Any CPU = Release|Any CPU
	EndGlobalSection
	GlobalSection(ProjectConfigurationPlatforms) = postSolution
		{17FA8C5A-54CB-41FB-99F3-FC72091419A2}.Debug|Any CPU.ActiveCfg = Debug|Any CPU
		{17FA8C5A-54CB-41FB-99F3-FC72091419A2}.Debug|Any CPU.Build.0 = Debug|Any CPU
		{17FA8C5A-54CB-41FB-99F3-FC72091419A2}.Release|Any CPU.ActiveCfg = Release|Any CPU
		{17FA8C5A-54CB-41FB-99F3-FC72091419A2}.Release|Any CPU.Build.0 = Release|Any CPU
		{C814CA2F-16B1-48B3-84E1-74232CB46F40}.Debug|Any CPU.ActiveCfg = Debug|Any CPU
		{C814CA2F-16B1-48B3-84E1-74232CB46F40}.Debug|Any CPU.Build.0 = Debug|Any CPU
		{C814CA2F-16B1-48B3-84E1-74232CB46F40}.Release|Any CPU.ActiveCfg = Release|Any CPU
		{C814CA2F-16B1-48B3-84E1-74232CB46F40}.Release|Any CPU.Build.0 = Release|Any CPU
		{AC788626-097E-4B5D-9F30-0BC980829DE9}.Debug|Any CPU.ActiveCfg = Debug|Any CPU
		{AC788626-097E-4B5D-9F30-0BC980829DE9}.Debug|Any CPU.Build.0 = Debug|Any CPU
		{AC788626-097E-4B5D-9F30-0BC980829DE9}.Release|Any CPU.ActiveCfg = Release|Any CPU
		{AC788626-097E-4B5D-9F30-0BC980829DE9}.Release|Any CPU.Build.0 = Release|Any CPU
	EndGlobalSection
	GlobalSection(SolutionProperties) = preSolution
		HideSolutionNode = FALSE
	EndGlobalSection
	GlobalSection(ExtensibilityGlobals) = postSolution
		SolutionGuid = {8EBD96F4-5E76-42C8-923B-1EF32D6E10B4}
	EndGlobalSection
EndGlobal
